
Microsoft Visual Studio Solution File, Format Version 11.00
# Visual Studio 2010
Project("{FAE04EC0-301F-11D3-BF4B-00C04F79EFBC}") = "Samples", "Samples\Samples.csproj", "{4D53E9E6-0DC3-4C09-ABC3-5BD1D60A5940}"
EndProject
Project("{FAE04EC0-301F-11D3-BF4B-00C04F79EFBC}") = "GtkHost", "GtkHost\GtkHost.csproj", "{5415AE99-2877-4730-AF1F-F94DCD12C31A}"
EndProject
Project("{FAE04EC0-301F-11D3-BF4B-00C04F79EFBC}") = "WpfHost", "WpfHost\WpfHost.csproj", "{1BA22AB4-C228-4115-BEA2-1C2548BFCC33}"
EndProject
Project("{FAE04EC0-301F-11D3-BF4B-00C04F79EFBC}") = "MacHost", "MacHost\MacHost.csproj", "{3C152C63-2F42-48E1-81E2-E8E542708A7A}"
EndProject
Project("{FAE04EC0-301F-11D3-BF4B-00C04F79EFBC}") = "XwPlot", "XwPlot\XwPlot.csproj", "{761A7039-8E4E-43B9-B14D-7CA96B3B569C}"
EndProject
Global
	GlobalSection(SolutionConfigurationPlatforms) = preSolution
		Debug|x86 = Debug|x86
		Release|x86 = Release|x86
		Mac-debug|Any CPU = Mac-debug|Any CPU
		linux-debug|Any CPU = linux-debug|Any CPU
		Win-debug|Any CPU = Win-debug|Any CPU
	EndGlobalSection
	GlobalSection(ProjectConfigurationPlatforms) = postSolution
		{1BA22AB4-C228-4115-BEA2-1C2548BFCC33}.Debug|x86.ActiveCfg = Debug|x86
		{1BA22AB4-C228-4115-BEA2-1C2548BFCC33}.Debug|x86.Build.0 = Debug|x86
		{1BA22AB4-C228-4115-BEA2-1C2548BFCC33}.linux-debug|Any CPU.ActiveCfg = linux-debug|Any CPU
		{1BA22AB4-C228-4115-BEA2-1C2548BFCC33}.Mac-debug|Any CPU.ActiveCfg = Mac-debug|Any CPU
		{1BA22AB4-C228-4115-BEA2-1C2548BFCC33}.Release|x86.ActiveCfg = Release|x86
		{1BA22AB4-C228-4115-BEA2-1C2548BFCC33}.Release|x86.Build.0 = Release|x86
		{1BA22AB4-C228-4115-BEA2-1C2548BFCC33}.Win-debug|Any CPU.ActiveCfg = Win-debug|Any CPU
		{1BA22AB4-C228-4115-BEA2-1C2548BFCC33}.Win-debug|Any CPU.Build.0 = Win-debug|Any CPU
		{3C152C63-2F42-48E1-81E2-E8E542708A7A}.Debug|x86.ActiveCfg = Debug|x86
		{3C152C63-2F42-48E1-81E2-E8E542708A7A}.Debug|x86.Build.0 = Debug|x86
		{3C152C63-2F42-48E1-81E2-E8E542708A7A}.linux-debug|Any CPU.ActiveCfg = linux-debug|Any CPU
		{3C152C63-2F42-48E1-81E2-E8E542708A7A}.Mac-debug|Any CPU.ActiveCfg = Mac-debug|Any CPU
		{3C152C63-2F42-48E1-81E2-E8E542708A7A}.Mac-debug|Any CPU.Build.0 = Mac-debug|Any CPU
		{3C152C63-2F42-48E1-81E2-E8E542708A7A}.Release|x86.ActiveCfg = Release|x86
		{3C152C63-2F42-48E1-81E2-E8E542708A7A}.Release|x86.Build.0 = Release|x86
		{3C152C63-2F42-48E1-81E2-E8E542708A7A}.Win-debug|Any CPU.ActiveCfg = Win-debug|Any CPU
		{4D53E9E6-0DC3-4C09-ABC3-5BD1D60A5940}.Debug|x86.ActiveCfg = Debug|x86
		{4D53E9E6-0DC3-4C09-ABC3-5BD1D60A5940}.Debug|x86.Build.0 = Debug|x86
		{4D53E9E6-0DC3-4C09-ABC3-5BD1D60A5940}.linux-debug|Any CPU.ActiveCfg = linux-debug|Any CPU
		{4D53E9E6-0DC3-4C09-ABC3-5BD1D60A5940}.linux-debug|Any CPU.Build.0 = linux-debug|Any CPU
		{4D53E9E6-0DC3-4C09-ABC3-5BD1D60A5940}.Mac-debug|Any CPU.ActiveCfg = Mac-debug|Any CPU
		{4D53E9E6-0DC3-4C09-ABC3-5BD1D60A5940}.Mac-debug|Any CPU.Build.0 = Mac-debug|Any CPU
		{4D53E9E6-0DC3-4C09-ABC3-5BD1D60A5940}.Release|x86.ActiveCfg = Release|x86
		{4D53E9E6-0DC3-4C09-ABC3-5BD1D60A5940}.Release|x86.Build.0 = Release|x86
		{4D53E9E6-0DC3-4C09-ABC3-5BD1D60A5940}.Win-debug|Any CPU.ActiveCfg = Win-debug|Any CPU
		{4D53E9E6-0DC3-4C09-ABC3-5BD1D60A5940}.Win-debug|Any CPU.Build.0 = Win-debug|Any CPU
		{5415AE99-2877-4730-AF1F-F94DCD12C31A}.Debug|x86.ActiveCfg = Debug|x86
		{5415AE99-2877-4730-AF1F-F94DCD12C31A}.Debug|x86.Build.0 = Debug|x86
		{5415AE99-2877-4730-AF1F-F94DCD12C31A}.linux-debug|Any CPU.ActiveCfg = linux-debug|Any CPU
		{5415AE99-2877-4730-AF1F-F94DCD12C31A}.linux-debug|Any CPU.Build.0 = linux-debug|Any CPU
		{5415AE99-2877-4730-AF1F-F94DCD12C31A}.Mac-debug|Any CPU.ActiveCfg = Mac-debug|Any CPU
		{5415AE99-2877-4730-AF1F-F94DCD12C31A}.Release|x86.ActiveCfg = Release|x86
		{5415AE99-2877-4730-AF1F-F94DCD12C31A}.Release|x86.Build.0 = Release|x86
		{5415AE99-2877-4730-AF1F-F94DCD12C31A}.Win-debug|Any CPU.ActiveCfg = Win-debug|Any CPU
		{761A7039-8E4E-43B9-B14D-7CA96B3B569C}.Debug|x86.ActiveCfg = Debug|x86
		{761A7039-8E4E-43B9-B14D-7CA96B3B569C}.Debug|x86.Build.0 = Debug|x86
		{761A7039-8E4E-43B9-B14D-7CA96B3B569C}.linux-debug|Any CPU.ActiveCfg = linux-debug|Any CPU
		{761A7039-8E4E-43B9-B14D-7CA96B3B569C}.linux-debug|Any CPU.Build.0 = linux-debug|Any CPU
		{761A7039-8E4E-43B9-B14D-7CA96B3B569C}.Mac-debug|Any CPU.ActiveCfg = Mac-debug|Any CPU
		{761A7039-8E4E-43B9-B14D-7CA96B3B569C}.Mac-debug|Any CPU.Build.0 = Mac-debug|Any CPU
		{761A7039-8E4E-43B9-B14D-7CA96B3B569C}.Release|x86.ActiveCfg = Release|x86
		{761A7039-8E4E-43B9-B14D-7CA96B3B569C}.Release|x86.Build.0 = Release|x86
		{761A7039-8E4E-43B9-B14D-7CA96B3B569C}.Win-debug|Any CPU.ActiveCfg = Win-debug|Any CPU
		{761A7039-8E4E-43B9-B14D-7CA96B3B569C}.Win-debug|Any CPU.Build.0 = Win-debug|Any CPU
	EndGlobalSection
	GlobalSection(MonoDevelopProperties) = preSolution
		StartupItem = GtkHost\GtkHost.csproj
		Policies = $0
		$0.TextStylePolicy = $1
		$1.inheritsSet = null
		$1.scope = text/x-csharp
		$0.CSharpFormattingPolicy = $2
		$2.AfterDelegateDeclarationParameterComma = True
		$2.inheritsSet = Mono
		$2.inheritsScope = text/x-csharp
		$2.scope = text/x-csharp
		$0.TextStylePolicy = $3
		$3.FileWidth = 120
		$3.TabsToSpaces = False
		$3.inheritsSet = VisualStudio
		$3.inheritsScope = text/plain
		$3.scope = text/plain
		$0.StandardHeader = $4
		$4.Text = 
		$4.IncludeInNewFiles = True
		$0.NameConventionPolicy = $5
		$5.Rules = $6
		$6.NamingRule = $7
		$7.Name = Namespaces
		$7.AffectedEntity = Namespace
		$7.VisibilityMask = VisibilityMask
		$7.NamingStyle = PascalCase
		$7.IncludeInstanceMembers = True
		$7.IncludeStaticEntities = True
		$6.NamingRule = $8
		$8.Name = Types
		$8.AffectedEntity = Class, Struct, Enum, Delegate
		$8.VisibilityMask = Public
		$8.NamingStyle = PascalCase
		$8.IncludeInstanceMembers = True
		$8.IncludeStaticEntities = True
		$6.NamingRule = $9
		$9.Name = Interfaces
		$9.RequiredPrefixes = $10
		$10.String = I
		$9.AffectedEntity = Interface
		$9.VisibilityMask = Public
		$9.NamingStyle = PascalCase
		$9.IncludeInstanceMembers = True
		$9.IncludeStaticEntities = True
		$6.NamingRule = $11
		$11.Name = Attributes
		$11.RequiredSuffixes = $12
		$12.String = Attribute
		$11.AffectedEntity = CustomAttributes
		$11.VisibilityMask = Public
		$11.NamingStyle = PascalCase
		$11.IncludeInstanceMembers = True
		$11.IncludeStaticEntities = True
		$6.NamingRule = $13
		$13.Name = Event Arguments
		$13.RequiredSuffixes = $14
		$14.String = EventArgs
		$13.AffectedEntity = CustomEventArgs
		$13.VisibilityMask = Public
		$13.NamingStyle = PascalCase
		$13.IncludeInstanceMembers = True
		$13.IncludeStaticEntities = True
		$6.NamingRule = $15
		$15.Name = Exceptions
		$15.RequiredSuffixes = $16
		$16.String = Exception
		$15.AffectedEntity = CustomExceptions
		$15.VisibilityMask = VisibilityMask
		$15.NamingStyle = PascalCase
		$15.IncludeInstanceMembers = True
		$15.IncludeStaticEntities = True
		$6.NamingRule = $17
		$17.Name = Methods
		$17.AffectedEntity = Methods
		$17.VisibilityMask = Protected, Public
		$17.NamingStyle = PascalCase
		$17.IncludeInstanceMembers = True
		$17.IncludeStaticEntities = True
		$6.NamingRule = $18
		$18.Name = Static Readonly Fields
		$18.AffectedEntity = ReadonlyField
		$18.VisibilityMask = Protected, Public
		$18.NamingStyle = PascalCase
		$18.IncludeInstanceMembers = False
		$18.IncludeStaticEntities = True
		$6.NamingRule = $19
		$19.Name = Fields
		$19.AffectedEntity = Field
		$19.VisibilityMask = Protected, Public
		$19.NamingStyle = PascalCase
		$19.IncludeInstanceMembers = True
		$19.IncludeStaticEntities = True
		$6.NamingRule = $20
		$20.Name = ReadOnly Fields
		$20.AffectedEntity = ReadonlyField
		$20.VisibilityMask = Protected, Public
		$20.NamingStyle = PascalCase
		$20.IncludeInstanceMembers = True
		$20.IncludeStaticEntities = False
		$6.NamingRule = $21
		$21.Name = Constant Fields
		$21.AffectedEntity = ConstantField
		$21.VisibilityMask = Protected, Public
		$21.NamingStyle = PascalCase
		$21.IncludeInstanceMembers = True
		$21.IncludeStaticEntities = True
		$6.NamingRule = $22
		$22.Name = Properties
		$22.AffectedEntity = Property
		$22.VisibilityMask = Protected, Public
		$22.NamingStyle = PascalCase
		$22.IncludeInstanceMembers = True
		$22.IncludeStaticEntities = True
		$6.NamingRule = $23
		$23.Name = Events
		$23.AffectedEntity = Event
		$23.VisibilityMask = Protected, Public
		$23.NamingStyle = PascalCase
		$23.IncludeInstanceMembers = True
		$23.IncludeStaticEntities = True
		$6.NamingRule = $24
		$24.Name = Enum Members
		$24.AffectedEntity = EnumMember
		$24.VisibilityMask = VisibilityMask
		$24.NamingStyle = PascalCase
		$24.IncludeInstanceMembers = True
		$24.IncludeStaticEntities = True
		$6.NamingRule = $25
		$25.Name = Parameters
		$25.AffectedEntity = Parameter
		$25.VisibilityMask = VisibilityMask
		$25.NamingStyle = CamelCase
		$25.IncludeInstanceMembers = True
		$25.IncludeStaticEntities = True
		$6.NamingRule = $26
		$26.Name = Type Parameters
		$26.RequiredPrefixes = $27
		$27.String = T
		$26.AffectedEntity = TypeParameter
		$26.VisibilityMask = VisibilityMask
		$26.NamingStyle = PascalCase
		$26.IncludeInstanceMembers = True
		$26.IncludeStaticEntities = True
		$0.VersionControlPolicy = $28
		$28.inheritsSet = Mono
		$0.ChangeLogPolicy = $29
		$29.UpdateMode = None
		$29.MessageStyle = $30
		$30.LineAlign = 0
		$29.inheritsSet = Mono
		$0.DotNetNamingPolicy = $31
		$31.DirectoryNamespaceAssociation = None
		$31.ResourceNamePolicy = FileFormatDefault
	EndGlobalSection
EndGlobal
